
Microsoft Visual Studio Solution File, Format Version 12.00
# Visual Studio 15
VisualStudioVersion = 15.0.28010.2036
MinimumVisualStudioVersion = 10.0.40219.1
Project("{FAE04EC0-301F-11D3-BF4B-00C04F79EFBC}") = "Planets", "Planets\Planets.csproj", "{B602129E-1193-4B00-9EF4-79587BFEE0BE}"
EndProject
Project("{FAE04EC0-301F-11D3-BF4B-00C04F79EFBC}") = "Planets.Data", "Planets.Data\Planets.Data.csproj", "{1FBD0E21-9211-4479-8501-37AD14E33B68}"
EndProject
Project("{FAE04EC0-301F-11D3-BF4B-00C04F79EFBC}") = "Planets.Common", "Planets.Common\Planets.Common.csproj", "{CE710D83-F737-4F4F-BD73-9853378CE29C}"
EndProject
Global
	GlobalSection(SolutionConfigurationPlatforms) = preSolution
		Debug|Any CPU = Debug|Any CPU
		Release|Any CPU = Release|Any CPU
	EndGlobalSection
	GlobalSection(ProjectConfigurationPlatforms) = postSolution
		{B602129E-1193-4B00-9EF4-79587BFEE0BE}.Debug|Any CPU.ActiveCfg = Debug|Any CPU
		{B602129E-1193-4B00-9EF4-79587BFEE0BE}.Debug|Any CPU.Build.0 = Debug|Any CPU
		{B602129E-1193-4B00-9EF4-79587BFEE0BE}.Release|Any CPU.ActiveCfg = Release|Any CPU
		{B602129E-1193-4B00-9EF4-79587BFEE0BE}.Release|Any CPU.Build.0 = Release|Any CPU
		{1FBD0E21-9211-4479-8501-37AD14E33B68}.Debug|Any CPU.ActiveCfg = Debug|Any CPU
		{1FBD0E21-9211-4479-8501-37AD14E33B68}.Debug|Any CPU.Build.0 = Debug|Any CPU
		{1FBD0E21-9211-4479-8501-37AD14E33B68}.Release|Any CPU.ActiveCfg = Release|Any CPU
		{1FBD0E21-9211-4479-8501-37AD14E33B68}.Release|Any CPU.Build.0 = Release|Any CPU
		{CE710D83-F737-4F4F-BD73-9853378CE29C}.Debug|Any CPU.ActiveCfg = Debug|Any CPU
		{CE710D83-F737-4F4F-BD73-9853378CE29C}.Debug|Any CPU.Build.0 = Debug|Any CPU
		{CE710D83-F737-4F4F-BD73-9853378CE29C}.Release|Any CPU.ActiveCfg = Release|Any CPU
		{CE710D83-F737-4F4F-BD73-9853378CE29C}.Release|Any CPU.Build.0 = Release|Any CPU
	EndGlobalSection
	GlobalSection(SolutionProperties) = preSolution
		HideSolutionNode = FALSE
	EndGlobalSection
	GlobalSection(ExtensibilityGlobals) = postSolution
		SolutionGuid = {68B704D8-8964-47D6-B332-98AC66A59FD1}
	EndGlobalSection
EndGlobal
